
Microsoft Visual Studio Solution File, Format Version 12.00
# Visual Studio 15
VisualStudioVersion = 15.0.27428.2037
MinimumVisualStudioVersion = 10.0.40219.1
Project("{FAE04EC0-301F-11D3-BF4B-00C04F79EFBC}") = "27-UIHint", "27-UIHint\27-UIHint.csproj", "{71C87F31-30A9-4FA4-8535-6D8BF4DE4D3C}"
EndProject
Global
	GlobalSection(SolutionConfigurationPlatforms) = preSolution
		Debug|Any CPU = Debug|Any CPU
		Release|Any CPU = Release|Any CPU
	EndGlobalSection
	GlobalSection(ProjectConfigurationPlatforms) = postSolution
		{71C87F31-30A9-4FA4-8535-6D8BF4DE4D3C}.Debug|Any CPU.ActiveCfg = Debug|Any CPU
		{71C87F31-30A9-4FA4-8535-6D8BF4DE4D3C}.Debug|Any CPU.Build.0 = Debug|Any CPU
		{71C87F31-30A9-4FA4-8535-6D8BF4DE4D3C}.Release|Any CPU.ActiveCfg = Release|Any CPU
		{71C87F31-30A9-4FA4-8535-6D8BF4DE4D3C}.Release|Any CPU.Build.0 = Release|Any CPU
	EndGlobalSection
	GlobalSection(SolutionProperties) = preSolution
		HideSolutionNode = FALSE
	EndGlobalSection
	GlobalSection(ExtensibilityGlobals) = postSolution
		SolutionGuid = {135E5886-586E-4CF3-B20C-EE1970AA42E3}
	EndGlobalSection
EndGlobal
