
Microsoft Visual Studio Solution File, Format Version 12.00
# Visual Studio 2013
VisualStudioVersion = 12.0.31101.0
MinimumVisualStudioVersion = 10.0.40219.1
Project("{FAE04EC0-301F-11D3-BF4B-00C04F79EFBC}") = "_16_CustomActionFilter", "16-CustomActionFilter\_16_CustomActionFilter.csproj", "{5BE9E535-0763-4398-83C3-E70F64C31E5D}"
EndProject
Global
	GlobalSection(SolutionConfigurationPlatforms) = preSolution
		Debug|Any CPU = Debug|Any CPU
		Release|Any CPU = Release|Any CPU
	EndGlobalSection
	GlobalSection(ProjectConfigurationPlatforms) = postSolution
		{5BE9E535-0763-4398-83C3-E70F64C31E5D}.Debug|Any CPU.ActiveCfg = Debug|Any CPU
		{5BE9E535-0763-4398-83C3-E70F64C31E5D}.Debug|Any CPU.Build.0 = Debug|Any CPU
		{5BE9E535-0763-4398-83C3-E70F64C31E5D}.Release|Any CPU.ActiveCfg = Release|Any CPU
		{5BE9E535-0763-4398-83C3-E70F64C31E5D}.Release|Any CPU.Build.0 = Release|Any CPU
	EndGlobalSection
	GlobalSection(SolutionProperties) = preSolution
		HideSolutionNode = FALSE
	EndGlobalSection
EndGlobal
