
Microsoft Visual Studio Solution File, Format Version 12.00
# Visual Studio 2013
VisualStudioVersion = 12.0.31101.0
MinimumVisualStudioVersion = 10.0.40219.1
Project("{FAE04EC0-301F-11D3-BF4B-00C04F79EFBC}") = "_14_XSS", "14-XSS\_14_XSS.csproj", "{FF4E8604-DCFB-47A7-96B1-B3E65CC66773}"
EndProject
Global
	GlobalSection(SolutionConfigurationPlatforms) = preSolution
		Debug|Any CPU = Debug|Any CPU
		Release|Any CPU = Release|Any CPU
	EndGlobalSection
	GlobalSection(ProjectConfigurationPlatforms) = postSolution
		{FF4E8604-DCFB-47A7-96B1-B3E65CC66773}.Debug|Any CPU.ActiveCfg = Debug|Any CPU
		{FF4E8604-DCFB-47A7-96B1-B3E65CC66773}.Debug|Any CPU.Build.0 = Debug|Any CPU
		{FF4E8604-DCFB-47A7-96B1-B3E65CC66773}.Release|Any CPU.ActiveCfg = Release|Any CPU
		{FF4E8604-DCFB-47A7-96B1-B3E65CC66773}.Release|Any CPU.Build.0 = Release|Any CPU
	EndGlobalSection
	GlobalSection(SolutionProperties) = preSolution
		HideSolutionNode = FALSE
	EndGlobalSection
EndGlobal
