
Microsoft Visual Studio Solution File, Format Version 12.00
# Visual Studio 2013
VisualStudioVersion = 12.0.31101.0
MinimumVisualStudioVersion = 10.0.40219.1
Project("{FAE04EC0-301F-11D3-BF4B-00C04F79EFBC}") = "_9_Routings", "9-Routings\_9_Routings.csproj", "{F436C89F-5D28-4FBB-893E-67C7DAF63BBF}"
EndProject
Global
	GlobalSection(SolutionConfigurationPlatforms) = preSolution
		Debug|Any CPU = Debug|Any CPU
		Release|Any CPU = Release|Any CPU
	EndGlobalSection
	GlobalSection(ProjectConfigurationPlatforms) = postSolution
		{F436C89F-5D28-4FBB-893E-67C7DAF63BBF}.Debug|Any CPU.ActiveCfg = Debug|Any CPU
		{F436C89F-5D28-4FBB-893E-67C7DAF63BBF}.Debug|Any CPU.Build.0 = Debug|Any CPU
		{F436C89F-5D28-4FBB-893E-67C7DAF63BBF}.Release|Any CPU.ActiveCfg = Release|Any CPU
		{F436C89F-5D28-4FBB-893E-67C7DAF63BBF}.Release|Any CPU.Build.0 = Release|Any CPU
	EndGlobalSection
	GlobalSection(SolutionProperties) = preSolution
		HideSolutionNode = FALSE
	EndGlobalSection
EndGlobal
